
Microsoft Visual Studio Solution File, Format Version 12.00
# Visual Studio Version 17
VisualStudioVersion = 17.0.31903.59
MinimumVisualStudioVersion = 10.0.40219.1
Project("{FAE04EC0-301F-11D3-BF4B-00C04F79EFBC}") = "BusinessCardManager.Api", "BusinessCardManager.Api\BusinessCardManager.Api.csproj", "{0DD04726-71AB-42EA-A3B1-E2FB8F3E4A5B}"
EndProject
Project("{FAE04EC0-301F-11D3-BF4B-00C04F79EFBC}") = "BusinessCardManager.Tests", "BusinessCardManager.Tests\BusinessCardManager.Tests.csproj", "{881C48FE-B310-4670-8F8B-47E8B5DC105E}"
EndProject
Global
	GlobalSection(SolutionConfigurationPlatforms) = preSolution
		Debug|Any CPU = Debug|Any CPU
		Release|Any CPU = Release|Any CPU
	EndGlobalSection
	GlobalSection(SolutionProperties) = preSolution
		HideSolutionNode = FALSE
	EndGlobalSection
	GlobalSection(ProjectConfigurationPlatforms) = postSolution
		{0DD04726-71AB-42EA-A3B1-E2FB8F3E4A5B}.Debug|Any CPU.ActiveCfg = Debug|Any CPU
		{0DD04726-71AB-42EA-A3B1-E2FB8F3E4A5B}.Debug|Any CPU.Build.0 = Debug|Any CPU
		{0DD04726-71AB-42EA-A3B1-E2FB8F3E4A5B}.Release|Any CPU.ActiveCfg = Release|Any CPU
		{0DD04726-71AB-42EA-A3B1-E2FB8F3E4A5B}.Release|Any CPU.Build.0 = Release|Any CPU
		{881C48FE-B310-4670-8F8B-47E8B5DC105E}.Debug|Any CPU.ActiveCfg = Debug|Any CPU
		{881C48FE-B310-4670-8F8B-47E8B5DC105E}.Debug|Any CPU.Build.0 = Debug|Any CPU
		{881C48FE-B310-4670-8F8B-47E8B5DC105E}.Release|Any CPU.ActiveCfg = Release|Any CPU
		{881C48FE-B310-4670-8F8B-47E8B5DC105E}.Release|Any CPU.Build.0 = Release|Any CPU
	EndGlobalSection
EndGlobal
